packages:
  apb:
    revision: 77ddf073f194d44b9119949d2421be59789e69ae
    version: 0.2.4
    source:
      Git: https://github.com/pulp-platform/apb
    dependencies:
    - common_cells
  apb_uart:
    revision: 6c7dde3d749ac8274377745c105da8c8b8cd27c6
    version: 0.2.1
    source:
      Git: https://github.com/pulp-platform/apb_uart
    dependencies:
    - apb
    - register_interface
  axi:
    revision: f24b1faf7bcf651f1aabdef5e8f99ce2fd817c2e
    version: 0.39.0-beta.9
    source:
      Git: https://github.com/pulp-platform/axi
    dependencies:
    - common_cells
    - common_verification
    - tech_cells_generic
  axi_llc:
    revision: 559bcbd09a5a884dbe31e2d72fd95d024e357f39
    version: 0.2.1
    source:
      Git: https://github.com/pulp-platform/axi_llc
    dependencies:
    - axi
    - common_cells
    - common_verification
    - register_interface
    - tech_cells_generic
  axi_riscv_atomics:
    revision: 97dcb14ef057cbe5bd70dda2060b5bb9e7e04c6d
    version: 0.7.0
    source:
      Git: https://github.com/pulp-platform/axi_riscv_atomics
    dependencies:
    - axi
    - common_cells
    - common_verification
  axi_vga:
    revision: 07be187d1e954d8090031b32d236ad76dc62ce45
    version: 0.1.1
    source:
      Git: https://github.com/pulp-platform/axi_vga
    dependencies:
    - axi
    - common_cells
    - register_interface
  clic:
    revision: bed98f88761ca86706c36c4c33ac600d88c42373
    version: null
    source:
      Git: https://github.com/pulp-platform/clic
    dependencies:
    - common_cells
    - register_interface
  clint:
    revision: e1357c1d0edddde458aec58363473605f51e539e
    version: 0.1.0
    source:
      Git: https://github.com/pulp-platform/clint
    dependencies:
    - common_cells
    - register_interface
  common_cells:
    revision: 4ac82b420e46fd0005513ca2283cb3c905e7599a
    version: 1.29.0
    source:
      Git: https://github.com/pulp-platform/common_cells
    dependencies:
    - common_verification
    - tech_cells_generic
  common_verification:
    revision: 9c07fa860593b2caabd9b5681740c25fac04b878
    version: 0.2.3
    source:
      Git: https://github.com/pulp-platform/common_verification
    dependencies: []
  cva6:
    revision: bf806ffa1385876ab70b28df488fafe7ea573a7f
    version: null
    source:
      Git: https://github.com/pulp-platform/cva6
    dependencies:
    - axi
    - common_cells
    - fpnew
    - tech_cells_generic
  fpnew:
    revision: f231041c610f270ffc03cbdac38739ddb6426572
    version: null
    source:
      Git: https://github.com/pulp-platform/cvfpu.git
    dependencies:
    - common_cells
    - fpu_div_sqrt_mvp
  fpu_div_sqrt_mvp:
    revision: 86e1f558b3c95e91577c41b2fc452c86b04e85ac
    version: 1.0.4
    source:
      Git: https://github.com/pulp-platform/fpu_div_sqrt_mvp.git
    dependencies:
    - common_cells
  idma:
    revision: 437ffa9dac5dea0daccfd3e8ae604d4f6ae2cdf1
    version: null
    source:
      Git: https://github.com/pulp-platform/iDMA
    dependencies:
    - axi
    - common_cells
    - common_verification
    - register_interface
  irq_router:
    revision: d1d31350b24f3965b3a51e1bc96c71eb34e94db3
    version: null
    source:
      Git: https://github.com/pulp-platform/irq_router
    dependencies:
    - axi
    - common_cells
    - register_interface
  opentitan_peripherals:
    revision: cd3153de2783abd3d03d0595e6c4b32413c62f14
    version: 0.4.0
    source:
      Git: https://github.com/pulp-platform/opentitan_peripherals
    dependencies:
    - common_cells
    - register_interface
    - tech_cells_generic
  register_interface:
    revision: 50270f7f5b0ac512f8c35cfca15b7c70f74b4b0e
    version: null
    source:
      Git: https://github.com/pulp-platform/register_interface
    dependencies:
    - apb
    - axi
    - common_cells
    - common_verification
  riscv-dbg:
    revision: 122510063a02e0d012f0497ffdbafca53d4e716b
    version: 0.7.0
    source:
      Git: https://github.com/pulp-platform/riscv-dbg
    dependencies:
    - common_cells
    - tech_cells_generic
  serial_link:
    revision: f79be97dbd96707b822dd6c2ed7ca87b54bd4378
    version: 1.0.1
    source:
      Git: https://github.com/pulp-platform/serial_link
    dependencies:
    - axi
    - common_cells
    - register_interface
  tech_cells_generic:
    revision: a9cae21902e75b1434328ecf36f85327ba5717de
    version: 0.2.11
    source:
      Git: https://github.com/pulp-platform/tech_cells_generic.git
    dependencies:
    - common_verification
