packages:
  apb:
    revision: 6a2bd0fe9f0822322104ac602fac5739fb063aa0
    version: null
    source:
      Git: https://github.com/pulp-platform/apb.git
    dependencies:
    - common_cells
  apb_uart:
    revision: 1dc41c4eae22c94c471adca7d11824624f4e68e8
    version: null
    source:
      Git: https://github.com/pulp-platform/apb_uart.git
    dependencies:
    - apb
    - obi
    - obi_peripherals
    - register_interface
  axi:
    revision: 0ccc838fe06aeeb857eb83c6be9a915c4bf99566
    version: null
    source:
      Git: https://github.com/pulp-platform/axi.git
    dependencies:
    - common_cells
    - common_verification
    - tech_cells_generic
  axi_llc:
    revision: 2803bf265780a26eb5034c322e624278735e42a2
    version: null
    source:
      Git: https://github.com/pulp-platform/axi_llc.git
    dependencies:
    - axi
    - common_cells
    - common_verification
    - register_interface
    - tech_cells_generic
  axi_riscv_atomics:
    revision: 399ce0aefe79792d11bef8cc706139281d82df08
    version: null
    source:
      Git: https://github.com/pulp-platform/axi_riscv_atomics.git
    dependencies:
    - axi
    - common_cells
    - common_verification
  axi_rt:
    revision: 61ad4da4f5eae9387ebbab217c4554544562bb93
    version: null
    source:
      Git: https://github.com/pulp-platform/axi_rt.git
    dependencies:
    - axi
    - common_cells
    - register_interface
  axi_stream:
    revision: 54891ff40455ca94a37641b9da4604647878cc07
    version: 0.1.1
    source:
      Git: https://github.com/pulp-platform/axi_stream.git
    dependencies:
    - common_cells
  axi_vga:
    revision: d941f81106eeaff463711784753e37cbeff73928
    version: null
    source:
      Git: https://github.com/pulp-platform/axi_vga.git
    dependencies:
    - axi
    - common_cells
    - register_interface
  clic:
    revision: e31dac7e9292481b9e0a49b21d461a2ef31d7eef
    version: null
    source:
      Git: https://github.com/pulp-platform/clic.git
    dependencies:
    - common_cells
    - register_interface
  clint:
    revision: d5390a805c20f9226758a152ba1645f61da73349
    version: 0.2.0
    source:
      Git: https://github.com/pulp-platform/clint.git
    dependencies:
    - common_cells
    - register_interface
  common_cells:
    revision: 03d98106aa19952a10360d2230def85144a0008b
    version: 2.0.0-beta.2
    source:
      Git: https://github.com/pulp-platform/common_cells.git
    dependencies:
    - common_verification
    - tech_cells_generic
  common_verification:
    revision: fb1885f48ea46164a10568aeff51884389f67ae3
    version: 0.2.5
    source:
      Git: https://github.com/pulp-platform/common_verification.git
    dependencies: []
  cva6:
    revision: aedd6106f1a7a3bf10614b53ee886563d715049f
    version: null
    source:
      Git: https://github.com/pulp-platform/cva6.git
    dependencies:
    - axi
    - axi_riscv_atomics
    - clic
    - common_cells
    - common_verification
    - register_interface
    - tech_cells_generic
  dram_rtl_sim:
    revision: 655339b8002e4e162044b5175be1e83f909d7235
    version: null
    source:
      Git: https://github.com/pulp-platform/dram_rtl_sim.git
    dependencies:
    - axi
  idma:
    revision: 28a36e5e07705549e59fc33db96ab681bc1ca88e
    version: 0.6.5
    source:
      Git: https://github.com/pulp-platform/iDMA.git
    dependencies:
    - axi
    - axi_stream
    - common_cells
    - common_verification
    - obi
    - register_interface
  irq_router:
    revision: d1d31350b24f3965b3a51e1bc96c71eb34e94db3
    version: 0.0.1-beta.1
    source:
      Git: https://github.com/pulp-platform/irq_router.git
    dependencies:
    - axi
    - common_cells
    - register_interface
  obi:
    revision: b69af4aa00630efd14b1c5cbf9bac977f23ce840
    version: null
    source:
      Git: https://github.com/pulp-platform/obi.git
    dependencies:
    - common_cells
    - common_verification
  obi_peripherals:
    revision: 1f406194042d87211f286f265a65177ce0bbad97
    version: null
    source:
      Git: https://github.com/pulp-platform/obi_peripherals.git
    dependencies:
    - common_cells
    - obi
    - tech_cells_generic
  opentitan_peripherals:
    revision: 7a797ad07d6282280ea968f732ec8f5d5bb8e719
    version: null
    source:
      Git: https://github.com/pulp-platform/opentitan_peripherals.git
    dependencies:
    - common_cells
    - register_interface
    - tech_cells_generic
  register_interface:
    revision: 856f7adc0f5ca2dc8ce2e3d7099afb4c87c13c22
    version: null
    source:
      Git: https://github.com/pulp-platform/register_interface.git
    dependencies:
    - apb
    - axi
    - common_cells
    - common_verification
  riscv-dbg:
    revision: 83bf60caf6a5180ec3837d67b0dcf6c21f87cab9
    version: null
    source:
      Git: https://github.com/pulp-platform/riscv-dbg.git
    dependencies:
    - common_cells
    - tech_cells_generic
  riscv-iommu:
    revision: bf00499c531ba40dd0cfb06962d64b4b9b2b594c
    version: null
    source:
      Git: https://github.com/FondazioneChipsIt/riscv-iommu.git
    dependencies:
    - axi
    - common_cells
    - register_interface
  serial_link:
    revision: 5ae59af9c921542e117311cf5340c547c6386dd5
    version: null
    source:
      Git: https://github.com/pulp-platform/serial_link.git
    dependencies:
    - apb
    - axi
    - axi_stream
    - common_cells
  tagger:
    revision: 496981122823557c40d71611afbac9a8183ede09
    version: null
    source:
      Git: https://github.com/pulp-platform/transaction-tagger.git
    dependencies:
    - axi
    - common_cells
    - common_verification
    - register_interface
    - tech_cells_generic
  tech_cells_generic:
    revision: 3a3de73632a06826b1bd9c65a0a2e92b32016845
    version: 0.2.14
    source:
      Git: https://github.com/pulp-platform/tech_cells_generic.git
    dependencies:
    - common_verification
  unbent:
    revision: 578462b7cc851deda7078913c364b2dad4718650
    version: null
    source:
      Git: https://github.com/pulp-platform/unbent.git
    dependencies:
    - axi
    - common_cells
    - register_interface
