packages:
  apb:
    revision: 77ddf073f194d44b9119949d2421be59789e69ae
    version: 0.2.4
    source:
      Git: https://github.com/pulp-platform/apb.git
    dependencies:
    - common_cells
  apb_uart:
    revision: 8182a85d234417db46fe833533f8536644d3bee3
    version: 0.2.3
    source:
      Git: https://github.com/pulp-platform/apb_uart.git
    dependencies:
    - apb
    - obi
    - obi_peripherals
    - register_interface
  axi:
    revision: a256a3b86394fedf19e361047fccfdd7f6ef83e4
    version: 0.39.9
    source:
      Git: https://github.com/pulp-platform/axi.git
    dependencies:
    - common_cells
    - common_verification
    - tech_cells_generic
  axi_llc:
    revision: e4a855c416cb8ecc1476f669462e30b6633d824d
    version: null
    source:
      Git: https://github.com/pulp-platform/axi_llc.git
    dependencies:
    - axi
    - common_cells
    - common_verification
    - register_interface
    - tech_cells_generic
  axi_riscv_atomics:
    revision: 97a1dd2ac643c276880420a0cf8eea697f228aa9
    version: 0.8.3
    source:
      Git: https://github.com/pulp-platform/axi_riscv_atomics.git
    dependencies:
    - axi
    - common_cells
    - common_verification
  axi_rt:
    revision: 50153a346b753dc2bc7723c446656a43db35d02d
    version: 0.0.0-alpha.10
    source:
      Git: https://github.com/pulp-platform/axi_rt.git
    dependencies:
    - axi
    - common_cells
    - register_interface
  axi_stream:
    revision: 54891ff40455ca94a37641b9da4604647878cc07
    version: 0.1.1
    source:
      Git: https://github.com/pulp-platform/axi_stream.git
    dependencies:
    - common_cells
  axi_vga:
    revision: 4d3e70d4f47bb74edc1ab68d99ffc02382e0fb9e
    version: 0.1.4
    source:
      Git: https://github.com/pulp-platform/axi_vga.git
    dependencies:
    - axi
    - common_cells
    - register_interface
  clic:
    revision: 6515a71eb4ae3b143ab912d265e79832b3179a76
    version: 3.0.0
    source:
      Git: https://github.com/pulp-platform/clic.git
    dependencies:
    - common_cells
    - register_interface
  clint:
    revision: d5390a805c20f9226758a152ba1645f61da73349
    version: 0.2.0
    source:
      Git: https://github.com/pulp-platform/clint.git
    dependencies:
    - common_cells
    - register_interface
  common_cells:
    revision: 9ca8a7655f741e7dd5736669a20a301325194c28
    version: 1.39.0
    source:
      Git: https://github.com/pulp-platform/common_cells.git
    dependencies:
    - common_verification
    - tech_cells_generic
  common_verification:
    revision: fb1885f48ea46164a10568aeff51884389f67ae3
    version: 0.2.5
    source:
      Git: https://github.com/pulp-platform/common_verification.git
    dependencies: []
  cva6:
    revision: cf630690a8c5f017dbb3b96c3fdbe4eceb384b5d
    version: null
    source:
      Git: https://github.com/pulp-platform/cva6.git
    dependencies:
    - axi
    - axi_riscv_atomics
    - clic
    - common_cells
    - common_verification
    - register_interface
    - tech_cells_generic
  dram_rtl_sim:
    revision: a764d5200a19cdd72a5237cbfb16985515a3058d
    version: 0.1.2
    source:
      Git: https://github.com/pulp-platform/dram_rtl_sim.git
    dependencies:
    - axi
  idma:
    revision: 28a36e5e07705549e59fc33db96ab681bc1ca88e
    version: 0.6.5
    source:
      Git: https://github.com/pulp-platform/iDMA.git
    dependencies:
    - axi
    - axi_stream
    - common_cells
    - common_verification
    - obi
    - register_interface
  irq_router:
    revision: d1d31350b24f3965b3a51e1bc96c71eb34e94db3
    version: 0.0.1-beta.1
    source:
      Git: https://github.com/pulp-platform/irq_router.git
    dependencies:
    - axi
    - common_cells
    - register_interface
  obi:
    revision: 0155fc34e900c7c884e081c0a1114a247937ff69
    version: 0.1.7
    source:
      Git: https://github.com/pulp-platform/obi.git
    dependencies:
    - common_cells
    - common_verification
  obi_peripherals:
    revision: 079894a6cbd4e544c477643d184a4c340bd4e391
    version: 0.1.1
    source:
      Git: https://github.com/pulp-platform/obi_peripherals.git
    dependencies:
    - common_cells
    - obi
  opentitan_peripherals:
    revision: cd3153de2783abd3d03d0595e6c4b32413c62f14
    version: 0.4.0
    source:
      Git: https://github.com/pulp-platform/opentitan_peripherals.git
    dependencies:
    - common_cells
    - register_interface
    - tech_cells_generic
  register_interface:
    revision: d6e1d4cdaab7870f4faf3f88a1c788eaf5ac129d
    version: 0.4.7
    source:
      Git: https://github.com/pulp-platform/register_interface.git
    dependencies:
    - apb
    - axi
    - common_cells
    - common_verification
  riscv-dbg:
    revision: 358f90110220adf7a083f8b65d157e836d706236
    version: 0.8.1
    source:
      Git: https://github.com/pulp-platform/riscv-dbg.git
    dependencies:
    - common_cells
    - tech_cells_generic
  serial_link:
    revision: d4e513aebd368d77808c5e6629a1e2729c16eba0
    version: 2.0.0
    source:
      Git: https://github.com/pulp-platform/serial_link.git
    dependencies:
    - apb
    - axi
    - axi_stream
    - common_cells
  tagger:
    revision: 496981122823557c40d71611afbac9a8183ede09
    version: null
    source:
      Git: https://github.com/pulp-platform/transaction-tagger.git
    dependencies:
    - axi
    - common_cells
    - common_verification
    - register_interface
    - tech_cells_generic
  tech_cells_generic:
    revision: 7968dd6e6180df2c644636bc6d2908a49f2190cf
    version: 0.2.13
    source:
      Git: https://github.com/pulp-platform/tech_cells_generic.git
    dependencies:
    - common_verification
  unbent:
    revision: e9c9d5cfb635f2d4668c816ce9235798cfecb297
    version: 0.1.6
    source:
      Git: https://github.com/pulp-platform/unbent.git
    dependencies:
    - axi
    - common_cells
    - register_interface
