packages:
  apb:
    revision: null
    version: null
    source:
      Path: ../vendor/pulp_apb
    dependencies:
    - common_cells
  apb_uart:
    revision: null
    version: null
    source:
      Path: ../vendor/pulp_apb_uart
    dependencies:
    - apb
    - register_interface
  axi:
    revision: null
    version: null
    source:
      Path: ../vendor/pulp_axi
    dependencies:
    - common_cells
    - common_verification
    - tech_cells_generic
  axi_riscv_atomics:
    revision: null
    version: null
    source:
      Path: ../vendor/pulp_axi_riscv_atomics
    dependencies:
    - axi
    - common_cells
    - common_verification
  common_cells:
    revision: 2bd027cb87eaa9bf7d17196ec5f69864b35b630f
    version: 1.32.0
    source:
      Git: https://github.com/pulp-platform/common_cells.git
    dependencies:
    - common_verification
    - tech_cells_generic
  common_verification:
    revision: 9c07fa860593b2caabd9b5681740c25fac04b878
    version: 0.2.3
    source:
      Git: https://github.com/pulp-platform/common_verification.git
    dependencies: []
  openc910:
    revision: null
    version: null
    source:
      Path: ../vendor/thead_openc910
    dependencies: []
  register_interface:
    revision: 146501d80052b61475cdc333d3aab4cd769fd5dc
    version: 0.3.9
    source:
      Git: https://github.com/pulp-platform/register_interface
    dependencies:
    - apb
    - axi
    - common_cells
  tech_cells_generic:
    revision: 7968dd6e6180df2c644636bc6d2908a49f2190cf
    version: 0.2.13
    source:
      Git: https://github.com/pulp-platform/tech_cells_generic.git
    dependencies:
    - common_verification
